
Microsoft Visual Studio Solution File, Format Version 12.00
# Visual Studio Version 17
VisualStudioVersion = 17.7.34024.191
MinimumVisualStudioVersion = 10.0.40219.1
Project("{FAE04EC0-301F-11D3-BF4B-00C04F79EFBC}") = "GymMembershipINSY", "GymMembershipINSY\GymMembershipINSY.csproj", "{3D620649-5180-47F4-BDF6-7ABCA82E079D}"
EndProject
Global
	GlobalSection(SolutionConfigurationPlatforms) = preSolution
		Debug|Any CPU = Debug|Any CPU
		Release|Any CPU = Release|Any CPU
	EndGlobalSection
	GlobalSection(ProjectConfigurationPlatforms) = postSolution
		{3D620649-5180-47F4-BDF6-7ABCA82E079D}.Debug|Any CPU.ActiveCfg = Debug|Any CPU
		{3D620649-5180-47F4-BDF6-7ABCA82E079D}.Debug|Any CPU.Build.0 = Debug|Any CPU
		{3D620649-5180-47F4-BDF6-7ABCA82E079D}.Release|Any CPU.ActiveCfg = Release|Any CPU
		{3D620649-5180-47F4-BDF6-7ABCA82E079D}.Release|Any CPU.Build.0 = Release|Any CPU
	EndGlobalSection
	GlobalSection(SolutionProperties) = preSolution
		HideSolutionNode = FALSE
	EndGlobalSection
	GlobalSection(ExtensibilityGlobals) = postSolution
		SolutionGuid = {44A2136C-1C77-49ED-AF0D-708EDEA02898}
	EndGlobalSection
EndGlobal
